<?xml version="1.0" encoding="utf-8"?>
<Project ToolsVersion="4.0" xmlns="http://schemas.microsoft.com/developer/msbuild/2003">
  <ItemGroup>
    <Filter Include="Source Files">
      <UniqueIdentifier>{dbc92636-0fdf-444c-bc2b-f6eec7eb959f}</UniqueIdentifier>
      <Extensions>cpp;c;cxx;def;odl;idl;hpj;bat;asm</Extensions>
    </Filter>
    <Filter Include="Source Files\LavishScript Extensions">
      <UniqueIdentifier>{f6f04aab-a8b2-4583-8c1b-4304e889443d}</UniqueIdentifier>
    </Filter>
    <Filter Include="Source Files\LavishGUI Elements">
      <UniqueIdentifier>{af32efee-6882-47e6-8115-4819a3044af9}</UniqueIdentifier>
    </Filter>
    <Filter Include="Source Files\Services">
      <UniqueIdentifier>{3563d75f-5fa7-4615-9690-51d7ea0e3031}</UniqueIdentifier>
    </Filter>
    <Filter Include="Header Files">
      <UniqueIdentifier>{2479d6f0-3ba1-4e15-bfc2-1966d27f3940}</UniqueIdentifier>
      <Extensions>h;hpp;hxx;hm;inl;inc</Extensions>
    </Filter>
    <Filter Include="Header Files\LavishScript Extensions">
      <UniqueIdentifier>{626dffad-eadd-440c-88b8-fa5799e8989a}</UniqueIdentifier>
    </Filter>
    <Filter Include="Header Files\LavishScript Extensions\Lists">
      <UniqueIdentifier>{26496caa-8d22-4bcf-a558-fe668d120e35}</UniqueIdentifier>
    </Filter>
    <Filter Include="Header Files\LavishGUI Elements">
      <UniqueIdentifier>{00d67a49-1a38-48c4-a4e8-b74587e61d62}</UniqueIdentifier>
    </Filter>
    <Filter Include="Header Files\Services">
      <UniqueIdentifier>{d2e73092-7cdb-4310-82e7-e1be27aee29d}</UniqueIdentifier>
    </Filter>
    <Filter Include="Header Files\Services\List">
      <UniqueIdentifier>{0e2e9287-7475-47e3-ba73-ead2846fb832}</UniqueIdentifier>
    </Filter>
    <Filter Include=".github">
      <UniqueIdentifier>{895a8ee7-ae11-45b6-91c0-e39ce73f75d6}</UniqueIdentifier>
    </Filter>
  </ItemGroup>
  <ItemGroup>
    <ClCompile Include="ISXRI.cpp">
      <Filter>Source Files</Filter>
    </ClCompile>
    <ClCompile Include="Commands.cpp">
      <Filter>Source Files\LavishScript Extensions</Filter>
    </ClCompile>
    <ClCompile Include="DataTypes.cpp">
      <Filter>Source Files\LavishScript Extensions</Filter>
    </ClCompile>
    <ClCompile Include="TopLevelObjects.cpp">
      <Filter>Source Files\LavishScript Extensions</Filter>
    </ClCompile>
    <ClCompile Include="LGUIRIFrame.cpp">
      <Filter>Source Files\LavishGUI Elements</Filter>
    </ClCompile>
    <ClCompile Include="Services.cpp">
      <Filter>Source Files\Services</Filter>
    </ClCompile>
  </ItemGroup>
  <ItemGroup>
    <ClInclude Include="ISXRI.h">
      <Filter>Header Files</Filter>
    </ClInclude>
    <ClInclude Include="DataTypes.h">
      <Filter>Header Files\LavishScript Extensions</Filter>
    </ClInclude>
    <ClInclude Include="Commands.h">
      <Filter>Header Files\LavishScript Extensions\Lists</Filter>
    </ClInclude>
    <ClInclude Include="DataTypeList.h">
      <Filter>Header Files\LavishScript Extensions\Lists</Filter>
    </ClInclude>
    <ClInclude Include="TopLevelObjects.h">
      <Filter>Header Files\LavishScript Extensions\Lists</Filter>
    </ClInclude>
    <ClInclude Include="LGUIRIFrame.h">
      <Filter>Header Files\LavishGUI Elements</Filter>
    </ClInclude>
    <ClInclude Include="ISXRIServices.h">
      <Filter>Header Files\Services</Filter>
    </ClInclude>
    <ClInclude Include="Services.h">
      <Filter>Header Files\Services\List</Filter>
    </ClInclude>
    <ClInclude Include="include\RIMovement.h">
      <Filter>Header Files</Filter>
    </ClInclude>
    <ClInclude Include="include\RunInstances.h">
      <Filter>Header Files</Filter>
    </ClInclude>
    <ClInclude Include="include\CloseRI.h">
      <Filter>Header Files</Filter>
    </ClInclude>
    <ClInclude Include="include\RILooter.h">
      <Filter>Header Files</Filter>
    </ClInclude>
    <ClInclude Include="include\RelayGroup.h">
      <Filter>Header Files</Filter>
    </ClInclude>
    <ClInclude Include="include\Detarget.h">
      <Filter>Header Files</Filter>
    </ClInclude>
    <ClInclude Include="include\OgrePlayNice.h">
      <Filter>Header Files</Filter>
    </ClInclude>
    <ClInclude Include="include\Vexven.h">
      <Filter>Header Files</Filter>
    </ClInclude>
    <ClInclude Include="include\RI.h">
      <Filter>Header Files</Filter>
    </ClInclude>
    <ClInclude Include="include\CloseISXRI.h">
      <Filter>Header Files</Filter>
    </ClInclude>
    <ClInclude Include="include\AggroControl.h">
      <Filter>Header Files</Filter>
    </ClInclude>
    <ClInclude Include="include\Captain.h">
      <Filter>Header Files</Filter>
    </ClInclude>
    <ClInclude Include="include\Farozth.h">
      <Filter>Header Files</Filter>
    </ClInclude>
    <ClInclude Include="include\Ferun.h">
      <Filter>Header Files</Filter>
    </ClInclude>
    <ClInclude Include="include\Grethah.h">
      <Filter>Header Files</Filter>
    </ClInclude>
    <ClInclude Include="include\Grevog.h">
      <Filter>Header Files</Filter>
    </ClInclude>
    <ClInclude Include="include\Icon.h">
      <Filter>Header Files</Filter>
    </ClInclude>
    <ClInclude Include="include\Jessip.h">
      <Filter>Header Files</Filter>
    </ClInclude>
    <ClInclude Include="include\Kerridicus.h">
      <Filter>Header Files</Filter>
    </ClInclude>
    <ClInclude Include="include\Protector.h">
      <Filter>Header Files</Filter>
    </ClInclude>
    <ClInclude Include="include\Sacrificer.h">
      <Filter>Header Files</Filter>
    </ClInclude>
    <ClInclude Include="include\Teraradus.h">
      <Filter>Header Files</Filter>
    </ClInclude>
    <ClInclude Include="include\Torso.h">
      <Filter>Header Files</Filter>
    </ClInclude>
    <ClInclude Include="include\Virtuoso.h">
      <Filter>Header Files</Filter>
    </ClInclude>
    <ClInclude Include="include\Zadune.h">
      <Filter>Header Files</Filter>
    </ClInclude>
    <ClInclude Include="include\CoT.h">
      <Filter>Header Files</Filter>
    </ClInclude>
    <ClInclude Include="include\TestString.h">
      <Filter>Header Files</Filter>
    </ClInclude>
    <ClInclude Include="include\Acadechism.h">
      <Filter>Header Files</Filter>
    </ClInclude>
    <ClInclude Include="include\Bilgewater.h">
      <Filter>Header Files</Filter>
    </ClInclude>
    <ClInclude Include="include\Bosun.h">
      <Filter>Header Files</Filter>
    </ClInclude>
    <ClInclude Include="include\Caldera.h">
      <Filter>Header Files</Filter>
    </ClInclude>
    <ClInclude Include="include\Caverns.h">
      <Filter>Header Files</Filter>
    </ClInclude>
    <ClInclude Include="include\Court.h">
      <Filter>Header Files</Filter>
    </ClInclude>
    <ClInclude Include="include\Distill.h">
      <Filter>Header Files</Filter>
    </ClInclude>
    <ClInclude Include="include\Highhold.h">
      <Filter>Header Files</Filter>
    </ClInclude>
    <ClInclude Include="include\Hoist.h">
      <Filter>Header Files</Filter>
    </ClInclude>
    <ClInclude Include="include\Hunt.h">
      <Filter>Header Files</Filter>
    </ClInclude>
    <ClInclude Include="include\InnerSanctum.h">
      <Filter>Header Files</Filter>
    </ClInclude>
    <ClInclude Include="include\OssCon.h">
      <Filter>Header Files</Filter>
    </ClInclude>
    <ClInclude Include="include\Resonance.h">
      <Filter>Header Files</Filter>
    </ClInclude>
    <ClInclude Include="include\Stowaways.h">
      <Filter>Header Files</Filter>
    </ClInclude>
    <ClInclude Include="include\StowawaysHM.h">
      <Filter>Header Files</Filter>
    </ClInclude>
    <ClInclude Include="include\Taskmaster.h">
      <Filter>Header Files</Filter>
    </ClInclude>
    <ClInclude Include="include\Temple.h">
      <Filter>Header Files</Filter>
    </ClInclude>
    <ClInclude Include="include\Thresinets.h">
      <Filter>Header Files</Filter>
    </ClInclude>
    <ClInclude Include="include\Treachery.h">
      <Filter>Header Files</Filter>
    </ClInclude>
    <ClInclude Include="include\Valdoon.h">
      <Filter>Header Files</Filter>
    </ClInclude>
    <ClInclude Include="include\Depot.h">
      <Filter>Header Files</Filter>
    </ClInclude>
    <ClInclude Include="include\RZ.h">
      <Filter>Header Files</Filter>
    </ClInclude>
    <ClInclude Include="include\Sanguine.h">
      <Filter>Header Files</Filter>
    </ClInclude>
    <ClInclude Include="include\Bull.h">
      <Filter>Header Files</Filter>
    </ClInclude>
    <ClInclude Include="include\Charanda.h">
      <Filter>Header Files</Filter>
    </ClInclude>
    <ClInclude Include="include\Imbiber.h">
      <Filter>Header Files</Filter>
    </ClInclude>
    <ClInclude Include="include\AntiAFK.h">
      <Filter>Header Files</Filter>
    </ClInclude>
    <ClInclude Include="include\Updater.h">
      <Filter>Header Files</Filter>
    </ClInclude>
    <ClInclude Include="include\Auth.h">
      <Filter>Header Files</Filter>
    </ClInclude>
    <ClInclude Include="include\CloseISXOgre.h">
      <Filter>Header Files</Filter>
    </ClInclude>
    <ClInclude Include="include\Evac.h">
      <Filter>Header Files</Filter>
    </ClInclude>
    <ClInclude Include="include\RIMovementUI.h">
      <Filter>Header Files</Filter>
    </ClInclude>
    <ClInclude Include="include\ParamTest.h">
      <Filter>Header Files</Filter>
    </ClInclude>
    <ClInclude Include="include\Stygian.h">
      <Filter>Header Files</Filter>
    </ClInclude>
    <ClInclude Include="include\BarBrawl.h">
      <Filter>Header Files</Filter>
    </ClInclude>
    <ClInclude Include="include\Ash.h">
      <Filter>Header Files</Filter>
    </ClInclude>
    <ClInclude Include="include\Foray.h">
      <Filter>Header Files</Filter>
    </ClInclude>
    <ClInclude Include="include\Howling.h">
      <Filter>Header Files</Filter>
    </ClInclude>
    <ClInclude Include="include\RiseToPower.h">
      <Filter>Header Files</Filter>
    </ClInclude>
    <ClInclude Include="include\IllSeen.h">
      <Filter>Header Files</Filter>
    </ClInclude>
    <ClInclude Include="include\AutoDeity.h">
      <Filter>Header Files</Filter>
    </ClInclude>
    <ClInclude Include="include\WriteLocs.h">
      <Filter>Header Files</Filter>
    </ClInclude>
    <ClInclude Include="include\CombatBot.h">
      <Filter>Header Files</Filter>
    </ClInclude>
    <ClInclude Include="include\Harvest.h">
      <Filter>Header Files</Filter>
    </ClInclude>
    <ClInclude Include="include\Xalgozian.h">
      <Filter>Header Files</Filter>
    </ClInclude>
    <ClInclude Include="include\Sanctum.h">
      <Filter>Header Files</Filter>
    </ClInclude>
    <ClInclude Include="include\Repository.h">
      <Filter>Header Files</Filter>
    </ClInclude>
    <ClInclude Include="include\Vessel.h">
      <Filter>Header Files</Filter>
    </ClInclude>
    <ClInclude Include="include\DeleteMissions.h">
      <Filter>Header Files</Filter>
    </ClInclude>
    <ClInclude Include="include\ShareMissions.h">
      <Filter>Header Files</Filter>
    </ClInclude>
    <ClInclude Include="include\Balance.h">
      <Filter>Header Files</Filter>
    </ClInclude>
    <ClInclude Include="include\Revealed.h">
      <Filter>Header Files</Filter>
    </ClInclude>
    <ClInclude Include="include\Agnostics.h">
      <Filter>Header Files</Filter>
    </ClInclude>
    <ClInclude Include="include\GetCharms.h">
      <Filter>Header Files</Filter>
    </ClInclude>
    <ClInclude Include="include\GetItems.h">
      <Filter>Header Files</Filter>
    </ClInclude>
    <ClInclude Include="include\CoA.h">
      <Filter>Header Files</Filter>
    </ClInclude>
    <ClInclude Include="include\WizardsDen.h">
      <Filter>Header Files</Filter>
    </ClInclude>
    <ClInclude Include="include\HideEffects.h">
      <Filter>Header Files</Filter>
    </ClInclude>
    <ClInclude Include="include\Salvage.h">
      <Filter>Header Files</Filter>
    </ClInclude>
    <ClInclude Include="include\Transmute.h">
      <Filter>Header Files</Filter>
    </ClInclude>
    <ClInclude Include="include\TheFrillikTide.h">
      <Filter>Header Files</Filter>
    </ClInclude>
    <ClInclude Include="include\ShroudedTemple.h">
      <Filter>Header Files</Filter>
    </ClInclude>
    <ClInclude Include="include\Collection.h">
      <Filter>Header Files</Filter>
    </ClInclude>
    <ClInclude Include="include\AnEyeintheSky.h">
      <Filter>Header Files</Filter>
    </ClInclude>
    <ClInclude Include="include\AnythingforJumjum.h">
      <Filter>Header Files</Filter>
    </ClInclude>
    <ClInclude Include="include\BixieDistraction.h">
      <Filter>Header Files</Filter>
    </ClInclude>
    <ClInclude Include="include\FangsAway.h">
      <Filter>Header Files</Filter>
    </ClInclude>
    <ClInclude Include="include\IsItGoodNews.h">
      <Filter>Header Files</Filter>
    </ClInclude>
    <ClInclude Include="include\NewLandsNewProfits.h">
      <Filter>Header Files</Filter>
    </ClInclude>
    <ClInclude Include="include\PreperationsfortheRescue.h">
      <Filter>Header Files</Filter>
    </ClInclude>
    <ClInclude Include="include\SarnakSupplyStocking.h">
      <Filter>Header Files</Filter>
    </ClInclude>
    <ClInclude Include="include\StickingMyOreIn.h">
      <Filter>Header Files</Filter>
    </ClInclude>
    <ClInclude Include="include\CraftsmanErrands.h">
      <Filter>Header Files</Filter>
    </ClInclude>
    <ClInclude Include="include\OutfitterErrands.h">
      <Filter>Header Files</Filter>
    </ClInclude>
    <ClInclude Include="include\ScholarErrands.h">
      <Filter>Header Files</Filter>
    </ClInclude>
    <ClInclude Include="include\TheCaptainsLament.h">
      <Filter>Header Files</Filter>
    </ClInclude>
    <ClInclude Include="include\WhatLiesBeneath.h">
      <Filter>Header Files</Filter>
    </ClInclude>
    <ClInclude Include="include\AssayofOrigin.h">
      <Filter>Header Files</Filter>
    </ClInclude>
    <ClInclude Include="include\AttuningthePortal.h">
      <Filter>Header Files</Filter>
    </ClInclude>
    <ClInclude Include="include\ContainingtheStone.h">
      <Filter>Header Files</Filter>
    </ClInclude>
    <ClInclude Include="include\IntotheUnknown.h">
      <Filter>Header Files</Filter>
    </ClInclude>
    <ClInclude Include="include\MenaceintheMine.h">
      <Filter>Header Files</Filter>
    </ClInclude>
    <ClInclude Include="include\MonitoringtheSituation.h">
      <Filter>Header Files</Filter>
    </ClInclude>
    <ClInclude Include="include\MoreOreofYore.h">
      <Filter>Header Files</Filter>
    </ClInclude>
    <ClInclude Include="include\OreofYore.h">
      <Filter>Header Files</Filter>
    </ClInclude>
    <ClInclude Include="include\ResearchingaSolution.h">
      <Filter>Header Files</Filter>
    </ClInclude>
    <ClInclude Include="include\ScanningtheSeals.h">
      <Filter>Header Files</Filter>
    </ClInclude>
    <ClInclude Include="include\StrangerinDistress.h">
      <Filter>Header Files</Filter>
    </ClInclude>
    <ClInclude Include="include\SubtunarianSubterfuge.h">
      <Filter>Header Files</Filter>
    </ClInclude>
    <ClInclude Include="include\UnderfootDefender.h">
      <Filter>Header Files</Filter>
    </ClInclude>
    <ClInclude Include="include\MonitorMalfunction.h">
      <Filter>Header Files</Filter>
    </ClInclude>
    <ClInclude Include="include\ArtisanEpicTimeline.h">
      <Filter>Header Files</Filter>
    </ClInclude>
    <ClInclude Include="include\AbilityCheck.h">
      <Filter>Header Files</Filter>
    </ClInclude>
    <ClInclude Include="include\AFindingCharm.h">
      <Filter>Header Files</Filter>
    </ClInclude>
    <ClInclude Include="include\AnUrgentCall.h">
      <Filter>Header Files</Filter>
    </ClInclude>
    <ClInclude Include="include\ArgTest.h">
      <Filter>Header Files</Filter>
    </ClInclude>
    <ClInclude Include="include\AutoTarget.h">
      <Filter>Header Files</Filter>
    </ClInclude>
    <ClInclude Include="include\BalanceProtector.h">
      <Filter>Header Files</Filter>
    </ClInclude>
    <ClInclude Include="include\BlessingofGrowf.h">
      <Filter>Header Files</Filter>
    </ClInclude>
    <ClInclude Include="include\BoneCollecting.h">
      <Filter>Header Files</Filter>
    </ClInclude>
    <ClInclude Include="include\BorrowingFromTheDead.h">
      <Filter>Header Files</Filter>
    </ClInclude>
    <ClInclude Include="include\ChoosetheSlugLife.h">
      <Filter>Header Files</Filter>
    </ClInclude>
    <ClInclude Include="include\CloseAndReloadISXRI.h">
      <Filter>Header Files</Filter>
    </ClInclude>
    <ClInclude Include="include\ColumnRenderer.h">
      <Filter>Header Files</Filter>
    </ClInclude>
    <ClInclude Include="include\Crohp.h">
      <Filter>Header Files</Filter>
    </ClInclude>
    <ClInclude Include="include\DeeperDisguise.h">
      <Filter>Header Files</Filter>
    </ClInclude>
    <ClInclude Include="include\DropYourWeapon.h">
      <Filter>Header Files</Filter>
    </ClInclude>
    <ClInclude Include="include\DyingofBoredom.h">
      <Filter>Header Files</Filter>
    </ClInclude>
    <ClInclude Include="include\FeelingCrabby.h">
      <Filter>Header Files</Filter>
    </ClInclude>
    <ClInclude Include="include\FigurinetheProfits.h">
      <Filter>Header Files</Filter>
    </ClInclude>
    <ClInclude Include="include\FileList.h">
      <Filter>Header Files</Filter>
    </ClInclude>
    <ClInclude Include="include\Flag.h">
      <Filter>Header Files</Filter>
    </ClInclude>
    <ClInclude Include="include\ForgingOnwards.h">
      <Filter>Header Files</Filter>
    </ClInclude>
    <ClInclude Include="include\GatheringShinies.h">
      <Filter>Header Files</Filter>
    </ClInclude>
    <ClInclude Include="include\GettingHooked.h">
      <Filter>Header Files</Filter>
    </ClInclude>
    <ClInclude Include="include\GoneAstray.h">
      <Filter>Header Files</Filter>
    </ClInclude>
    <ClInclude Include="include\GooglowJuice.h">
      <Filter>Header Files</Filter>
    </ClInclude>
    <ClInclude Include="include\GuardianofGrowf.h">
      <Filter>Header Files</Filter>
    </ClInclude>
    <ClInclude Include="include\HungOutToDry.h">
      <Filter>Header Files</Filter>
    </ClInclude>
    <ClInclude Include="include\IfTheBonesFit.h">
      <Filter>Header Files</Filter>
    </ClInclude>
    <ClInclude Include="include\Index.h">
      <Filter>Header Files</Filter>
    </ClInclude>
    <ClInclude Include="include\IntoTheSpire.h">
      <Filter>Header Files</Filter>
    </ClInclude>
    <ClInclude Include="include\ISInterface.h">
      <Filter>Header Files</Filter>
    </ClInclude>
    <ClInclude Include="include\ISXDK.h">
      <Filter>Header Files</Filter>
    </ClInclude>
    <ClInclude Include="include\ISXInterface.h">
      <Filter>Header Files</Filter>
    </ClInclude>
    <ClInclude Include="include\ISXRIUpdate.h">
      <Filter>Header Files</Filter>
    </ClInclude>
    <ClInclude Include="include\KeepTheHomeFiresBurning.h">
      <Filter>Header Files</Filter>
    </ClInclude>
    <ClInclude Include="include\KunarkAscendingCraftingTimeline.h">
      <Filter>Header Files</Filter>
    </ClInclude>
    <ClInclude Include="include\LiveBait.h">
      <Filter>Header Files</Filter>
    </ClInclude>
    <ClInclude Include="include\LosersWeepers.h">
      <Filter>Header Files</Filter>
    </ClInclude>
    <ClInclude Include="include\MissionofMercy.h">
      <Filter>Header Files</Filter>
    </ClInclude>
    <ClInclude Include="include\NotDeadYet.h">
      <Filter>Header Files</Filter>
    </ClInclude>
    <ClInclude Include="include\PoisonReplenish.h">
      <Filter>Header Files</Filter>
    </ClInclude>
    <ClInclude Include="include\PotionReplenish.h">
      <Filter>Header Files</Filter>
    </ClInclude>
    <ClInclude Include="include\ProcessofElimination.h">
      <Filter>Header Files</Filter>
    </ClInclude>
    <ClInclude Include="include\ProtectorofGrowf.h">
      <Filter>Header Files</Filter>
    </ClInclude>
    <ClInclude Include="include\Queue.h">
      <Filter>Header Files</Filter>
    </ClInclude>
    <ClInclude Include="include\RA.h">
      <Filter>Header Files</Filter>
    </ClInclude>
    <ClInclude Include="include\RaidRelayGroup.h">
      <Filter>Header Files</Filter>
    </ClInclude>
    <ClInclude Include="include\Repair.h">
      <Filter>Header Files</Filter>
    </ClInclude>
    <ClInclude Include="include\Replenish.h">
      <Filter>Header Files</Filter>
    </ClInclude>
    <ClInclude Include="include\RequestingBlessing.h">
      <Filter>Header Files</Filter>
    </ClInclude>
    <ClInclude Include="include\RILogin.h">
      <Filter>Header Files</Filter>
    </ClInclude>
    <ClInclude Include="include\RIMobHud.h">
      <Filter>Header Files</Filter>
    </ClInclude>
    <ClInclude Include="include\Ritual.h">
      <Filter>Header Files</Filter>
    </ClInclude>
    <ClInclude Include="include\ScryingEyes.h">
      <Filter>Header Files</Filter>
    </ClInclude>
    <ClInclude Include="include\SearchandRescue.h">
      <Filter>Header Files</Filter>
    </ClInclude>
    <ClInclude Include="include\SeedsofGrowf.h">
      <Filter>Header Files</Filter>
    </ClInclude>
    <ClInclude Include="include\Services.h">
      <Filter>Header Files</Filter>
    </ClInclude>
    <ClInclude Include="include\SicklyBrewsforStabbySticks.h">
      <Filter>Header Files</Filter>
    </ClInclude>
    <ClInclude Include="include\SmoothyStonesforStabbySticks.h">
      <Filter>Header Files</Filter>
    </ClInclude>
    <ClInclude Include="include\SoilandTrouble.h">
      <Filter>Header Files</Filter>
    </ClInclude>
    <ClInclude Include="include\SquirmyWormiesforGrumblyBellies.h">
      <Filter>Header Files</Filter>
    </ClInclude>
    <ClInclude Include="include\StackyRacksforStabbySticks.h">
      <Filter>Header Files</Filter>
    </ClInclude>
    <ClInclude Include="include\StrangerFriends.h">
      <Filter>Header Files</Filter>
    </ClInclude>
    <ClInclude Include="include\TakeFlag.h">
      <Filter>Header Files</Filter>
    </ClInclude>
    <ClInclude Include="include\TempleVisitor.h">
      <Filter>Header Files</Filter>
    </ClInclude>
    <ClInclude Include="include\TheGardensAreInBloom.h">
      <Filter>Header Files</Filter>
    </ClInclude>
    <ClInclude Include="include\THGSalvage.h">
      <Filter>Header Files</Filter>
    </ClInclude>
    <ClInclude Include="include\THGTransmute.h">
      <Filter>Header Files</Filter>
    </ClInclude>
    <ClInclude Include="include\Threading.h">
      <Filter>Header Files</Filter>
    </ClInclude>
    <ClInclude Include="include\Tserrina.h">
      <Filter>Header Files</Filter>
    </ClInclude>
    <ClInclude Include="include\utf8string.h">
      <Filter>Header Files</Filter>
    </ClInclude>
    <ClInclude Include="include\WinThreading.h">
      <Filter>Header Files</Filter>
    </ClInclude>
    <ClInclude Include="include\ZoneReset.h">
      <Filter>Header Files</Filter>
    </ClInclude>
    <ClInclude Include="include\Ascension.h">
      <Filter>Header Files</Filter>
    </ClInclude>
    <ClInclude Include="include\SF\AMessagewithSpirit.h">
      <Filter>Header Files</Filter>
    </ClInclude>
    <ClInclude Include="include\SF\IntotheArena.h">
      <Filter>Header Files</Filter>
    </ClInclude>
    <ClInclude Include="include\SF\IntotheArenaOnceMore.h">
      <Filter>Header Files</Filter>
    </ClInclude>
    <ClInclude Include="include\SF\MendingaBrokenLand.h">
      <Filter>Header Files</Filter>
    </ClInclude>
    <ClInclude Include="include\SF\MoreMessagewithSpirit.h">
      <Filter>Header Files</Filter>
    </ClInclude>
    <ClInclude Include="include\SF\TheNeverEndingMendingofaBrokenLand.h">
      <Filter>Header Files</Filter>
    </ClInclude>
    <ClInclude Include="include\Greenmist\GreenmistTimeline.h">
      <Filter>Header Files</Filter>
    </ClInclude>
    <ClInclude Include="include\Greenmist\TheCallofFear.h">
      <Filter>Header Files</Filter>
    </ClInclude>
    <ClInclude Include="include\Greenmist\TheNameofFear.h">
      <Filter>Header Files</Filter>
    </ClInclude>
    <ClInclude Include="include\Greenmist\ThePathofFear.h">
      <Filter>Header Files</Filter>
    </ClInclude>
    <ClInclude Include="include\Greenmist\TheTriumphofFear.h">
      <Filter>Header Files</Filter>
    </ClInclude>
    <ClInclude Include="include\Greenmist\TheWordofFear.h">
      <Filter>Header Files</Filter>
    </ClInclude>
    <ClInclude Include="include\TerrorsofThalumbraCraftingTimeline.h">
      <Filter>Header Files</Filter>
    </ClInclude>
    <ClInclude Include="include\BathezidsWatchFactionCrafting.h">
      <Filter>Header Files</Filter>
    </ClInclude>
    <ClInclude Include="include\LostCityofTorsisTheSpectralMarket.h">
      <Filter>Header Files</Filter>
    </ClInclude>
    <ClInclude Include="include\KAAS\ArtifactsofLife.h">
      <Filter>Header Files</Filter>
    </ClInclude>
    <ClInclude Include="include\KAAS\AViciousTongue.h">
      <Filter>Header Files</Filter>
    </ClInclude>
    <ClInclude Include="include\KAAS\BridgeToSuccess.h">
      <Filter>Header Files</Filter>
    </ClInclude>
    <ClInclude Include="include\KAAS\CaseoftheMissingHeadpiece.h">
      <Filter>Header Files</Filter>
    </ClInclude>
    <ClInclude Include="include\KAAS\DamagetheTrust.h">
      <Filter>Header Files</Filter>
    </ClInclude>
    <ClInclude Include="include\KAAS\DeliveredfromMadness.h">
      <Filter>Header Files</Filter>
    </ClInclude>
    <ClInclude Include="include\KAAS\DrakeDisposalDuty.h">
      <Filter>Header Files</Filter>
    </ClInclude>
    <ClInclude Include="include\KAAS\DyingtoHaveYou.h">
      <Filter>Header Files</Filter>
    </ClInclude>
    <ClInclude Include="include\KAAS\FeastforaGift.h">
      <Filter>Header Files</Filter>
    </ClInclude>
    <ClInclude Include="include\KAAS\FlameLicked.h">
      <Filter>Header Files</Filter>
    </ClInclude>
    <ClInclude Include="include\KAAS\GetAShroom.h">
      <Filter>Header Files</Filter>
    </ClInclude>
    <ClInclude Include="include\KAAS\GhostsandGooblins.h">
      <Filter>Header Files</Filter>
    </ClInclude>
    <ClInclude Include="include\KAAS\GiantImpressmentEffort.h">
      <Filter>Header Files</Filter>
    </ClInclude>
    <ClInclude Include="include\KAAS\GiantSpiritualAwakening.h">
      <Filter>Header Files</Filter>
    </ClInclude>
    <ClInclude Include="include\KAAS\GrowthinanAridLand.h">
      <Filter>Header Files</Filter>
    </ClInclude>
    <ClInclude Include="include\KAAS\HideandWreek.h">
      <Filter>Header Files</Filter>
    </ClInclude>
    <ClInclude Include="include\KAAS\IdolDestruction.h">
      <Filter>Header Files</Filter>
    </ClInclude>
    <ClInclude Include="include\KAAS\KunarkAscendingAChosenWeapon.h">
      <Filter>Header Files</Filter>
    </ClInclude>
    <ClInclude Include="include\KAAS\KunarkAscendingAdventureTimeline.h">
      <Filter>Header Files</Filter>
    </ClInclude>
    <ClInclude Include="include\KAAS\KunarkAscendingANightmareRealized.h">
      <Filter>Header Files</Filter>
    </ClInclude>
    <ClInclude Include="include\KAAS\KunarkAscendingBeyondtheVeil.h">
      <Filter>Header Files</Filter>
    </ClInclude>
    <ClInclude Include="include\KAAS\KunarkAscendingForgottenLands.h">
      <Filter>Header Files</Filter>
    </ClInclude>
    <ClInclude Include="include\KAAS\KunarkAscendingGhostWhisperer.h">
      <Filter>Header Files</Filter>
    </ClInclude>
    <ClInclude Include="include\KAAS\KunarkAscendingHistoryinStone.h">
      <Filter>Header Files</Filter>
    </ClInclude>
    <ClInclude Include="include\KAAS\KunarkAscendingOpportunityNoks.h">
      <Filter>Header Files</Filter>
    </ClInclude>
    <ClInclude Include="include\KAAS\KunarkAscendingReadingAssignment.h">
      <Filter>Header Files</Filter>
    </ClInclude>
    <ClInclude Include="include\KAAS\KunarkAscendingResurrectionMachination.h">
      <Filter>Header Files</Filter>
    </ClInclude>
    <ClInclude Include="include\KAAS\KunarkAscendingSeekingReassurance.h">
      <Filter>Header Files</Filter>
    </ClInclude>
    <ClInclude Include="include\KAAS\LightningBugHunt.h">
      <Filter>Header Files</Filter>
    </ClInclude>
    <ClInclude Include="include\KAAS\LitteredAlongthePass.h">
      <Filter>Header Files</Filter>
    </ClInclude>
    <ClInclude Include="include\KAAS\ParchmentPreservation.h">
      <Filter>Header Files</Filter>
    </ClInclude>
    <ClInclude Include="include\KAAS\RemainstobeSeen.h">
      <Filter>Header Files</Filter>
    </ClInclude>
    <ClInclude Include="include\KAAS\ShatteredLives.h">
      <Filter>Header Files</Filter>
    </ClInclude>
    <ClInclude Include="include\KAAS\SlugginItOut.h">
      <Filter>Header Files</Filter>
    </ClInclude>
    <ClInclude Include="include\KAAS\SuitUp.h">
      <Filter>Header Files</Filter>
    </ClInclude>
    <ClInclude Include="include\KAAS\TraderAmongstUs.h">
      <Filter>Header Files</Filter>
    </ClInclude>
    <ClInclude Include="include\KAAS\WingsinDanger.h">
      <Filter>Header Files</Filter>
    </ClInclude>
    <ClInclude Include="include\KAInstance\CharasisMaidensChamberAgnostic.h">
      <Filter>Header Files</Filter>
    </ClInclude>
    <ClInclude Include="include\KAInstance\CryptofDalnirBaronsWorkshop.h">
      <Filter>Header Files</Filter>
    </ClInclude>
    <ClInclude Include="include\KAInstance\LostCityofTorsisReaversRemnants.h">
      <Filter>Header Files</Filter>
    </ClInclude>
    <ClInclude Include="include\KAInstance\VaedenmoorRealmofDespair.h">
      <Filter>Header Files</Filter>
    </ClInclude>
    <ClInclude Include="include\PG\TheUnderdepthsProvingGround.h">
      <Filter>Header Files</Filter>
    </ClInclude>
    <ClInclude Include="include\RPG.h">
      <Filter>Header Files</Filter>
    </ClInclude>
    <ClInclude Include="include\SS\ADeinodonisAngry.h">
      <Filter>Header Files</Filter>
    </ClInclude>
    <ClInclude Include="include\SS\ADeinoSavedisaDeinoEarned.h">
      <Filter>Header Files</Filter>
    </ClInclude>
    <ClInclude Include="include\SS\ADragonflyASpider.h">
      <Filter>Header Files</Filter>
    </ClInclude>
    <ClInclude Include="include\SS\AlluthoaAbduction.h">
      <Filter>Header Files</Filter>
    </ClInclude>
    <ClInclude Include="include\SS\APlacetoHangYourHat.h">
      <Filter>Header Files</Filter>
    </ClInclude>
    <ClInclude Include="include\SS\ArmingGreymast.h">
      <Filter>Header Files</Filter>
    </ClInclude>
    <ClInclude Include="include\SS\ATaleofTwoTrails.h">
      <Filter>Header Files</Filter>
    </ClInclude>
    <ClInclude Include="include\SS\AToastTotheFarSeas.h">
      <Filter>Header Files</Filter>
    </ClInclude>
    <ClInclude Include="include\SS\BattlefieldRelief.h">
      <Filter>Header Files</Filter>
    </ClInclude>
    <ClInclude Include="include\SS\BodyofWork.h">
      <Filter>Header Files</Filter>
    </ClInclude>
    <ClInclude Include="include\SS\BoneRemoval.h">
      <Filter>Header Files</Filter>
    </ClInclude>
    <ClInclude Include="include\SS\BuildingaNewFuture.h">
      <Filter>Header Files</Filter>
    </ClInclude>
    <ClInclude Include="include\SS\CaptainGreymast.h">
      <Filter>Header Files</Filter>
    </ClInclude>
    <ClInclude Include="include\SS\CausticCollection.h">
      <Filter>Header Files</Filter>
    </ClInclude>
    <ClInclude Include="include\SS\CeremonialVestmentsandCondiments.h">
      <Filter>Header Files</Filter>
    </ClInclude>
    <ClInclude Include="include\SS\ClericalError.h">
      <Filter>Header Files</Filter>
    </ClInclude>
    <ClInclude Include="include\SS\CogginBodyShots.h">
      <Filter>Header Files</Filter>
    </ClInclude>
    <ClInclude Include="include\SS\ConfrontingtheLost.h">
      <Filter>Header Files</Filter>
    </ClInclude>
    <ClInclude Include="include\SS\CrewCutsandBruises.h">
      <Filter>Header Files</Filter>
    </ClInclude>
    <ClInclude Include="include\SS\CrumblingIsle.h">
      <Filter>Header Files</Filter>
    </ClInclude>
    <ClInclude Include="include\SS\DeepintheLostShadows.h">
      <Filter>Header Files</Filter>
    </ClInclude>
    <ClInclude Include="include\SS\DiscardedDeinos.h">
      <Filter>Header Files</Filter>
    </ClInclude>
    <ClInclude Include="include\SS\DivingforDefenses.h">
      <Filter>Header Files</Filter>
    </ClInclude>
    <ClInclude Include="include\SS\DowntotheBone.h">
      <Filter>Header Files</Filter>
    </ClInclude>
    <ClInclude Include="include\SS\EscortingKitkalla.h">
      <Filter>Header Files</Filter>
    </ClInclude>
    <ClInclude Include="include\SS\FallingOut.h">
      <Filter>Header Files</Filter>
    </ClInclude>
    <ClInclude Include="include\SS\FieldBandage.h">
      <Filter>Header Files</Filter>
    </ClInclude>
    <ClInclude Include="include\SS\FreeYourMind.h">
      <Filter>Header Files</Filter>
    </ClInclude>
    <ClInclude Include="include\SS\FromtheRuins.h">
      <Filter>Header Files</Filter>
    </ClInclude>
    <ClInclude Include="include\SS\GangrenousTreatment.h">
      <Filter>Header Files</Filter>
    </ClInclude>
    <ClInclude Include="include\SS\GrimReaping.h">
      <Filter>Header Files</Filter>
    </ClInclude>
    <ClInclude Include="include\SS\HandleWithCare.h">
      <Filter>Header Files</Filter>
    </ClInclude>
    <ClInclude Include="include\SS\HandtoMouth.h">
      <Filter>Header Files</Filter>
    </ClInclude>
    <ClInclude Include="include\SS\HidingFromDeinodons.h">
      <Filter>Header Files</Filter>
    </ClInclude>
    <ClInclude Include="include\SS\KarrabukksWord.h">
      <Filter>Header Files</Filter>
    </ClInclude>
    <ClInclude Include="include\SS\MindsBehindtheBarrage.h">
      <Filter>Header Files</Filter>
    </ClInclude>
    <ClInclude Include="include\SS\NowThatsTheSpirit.h">
      <Filter>Header Files</Filter>
    </ClInclude>
    <ClInclude Include="include\SS\OvertheWallsofHighhold.h">
      <Filter>Header Files</Filter>
    </ClInclude>
    <ClInclude Include="include\SS\PlaguedWithQuestions.h">
      <Filter>Header Files</Filter>
    </ClInclude>
    <ClInclude Include="include\SS\PreparationforthePygmyWars.h">
      <Filter>Header Files</Filter>
    </ClInclude>
    <ClInclude Include="include\SS\PushingAhead.h">
      <Filter>Header Files</Filter>
    </ClInclude>
    <ClInclude Include="include\SS\RawMaterials.h">
      <Filter>Header Files</Filter>
    </ClInclude>
    <ClInclude Include="include\SS\RedeemingQualities.h">
      <Filter>Header Files</Filter>
    </ClInclude>
    <ClInclude Include="include\SS\RedemptionsFolly.h">
      <Filter>Header Files</Filter>
    </ClInclude>
    <ClInclude Include="include\SS\RedoubtAboutIt.h">
      <Filter>Header Files</Filter>
    </ClInclude>
    <ClInclude Include="include\SS\ResearchandRecovery.h">
      <Filter>Header Files</Filter>
    </ClInclude>
    <ClInclude Include="include\SS\RitualisticTendencies.h">
      <Filter>Header Files</Filter>
    </ClInclude>
    <ClInclude Include="include\SS\RunningforSafety.h">
      <Filter>Header Files</Filter>
    </ClInclude>
    <ClInclude Include="include\SS\ScoutCityofQeynosTimeline.h">
      <Filter>Header Files</Filter>
    </ClInclude>
    <ClInclude Include="include\SS\ShatteredSeasChasingGreymast.h">
      <Filter>Header Files</Filter>
    </ClInclude>
    <ClInclude Include="include\SS\ShatteredSeasDarkForestofLegend.h">
      <Filter>Header Files</Filter>
    </ClInclude>
    <ClInclude Include="include\SS\ShatteredSeasDarkThreatsonDshinn.h">
      <Filter>Header Files</Filter>
    </ClInclude>
    <ClInclude Include="include\SS\ShatteredSeasEntertheSavageLands.h">
      <Filter>Header Files</Filter>
    </ClInclude>
    <ClInclude Include="include\SS\ShatteredSeasEpilogue.h">
      <Filter>Header Files</Filter>
    </ClInclude>
    <ClInclude Include="include\SS\ShatteredSeasHighpasstoNowhere.h">
      <Filter>Header Files</Filter>
    </ClInclude>
    <ClInclude Include="include\SS\ShatteredSeasJourneytoZavithloa.h">
      <Filter>Header Files</Filter>
    </ClInclude>
    <ClInclude Include="include\SS\ShatteredSeasPiratesPlot.h">
      <Filter>Header Files</Filter>
    </ClInclude>
    <ClInclude Include="include\SS\ShatteredSeasRefugeReturn.h">
      <Filter>Header Files</Filter>
    </ClInclude>
    <ClInclude Include="include\SS\ShatteredSeasRevelationsinHighhold.h">
      <Filter>Header Files</Filter>
    </ClInclude>
    <ClInclude Include="include\SS\ShatteredSeasSeedsofMalice.h">
      <Filter>Header Files</Filter>
    </ClInclude>
    <ClInclude Include="include\SS\ShatteredSeasTempleofDoom.h">
      <Filter>Header Files</Filter>
    </ClInclude>
    <ClInclude Include="include\SS\ShatteredSeasTheGreyofGrimShales.h">
      <Filter>Header Files</Filter>
    </ClInclude>
    <ClInclude Include="include\SS\ShatteredSeasTimeline.h">
      <Filter>Header Files</Filter>
    </ClInclude>
    <ClInclude Include="include\SS\ShatteredSeasWokenScales.h">
      <Filter>Header Files</Filter>
    </ClInclude>
    <ClInclude Include="include\SS\StarqueRavingMad.h">
      <Filter>Header Files</Filter>
    </ClInclude>
    <ClInclude Include="include\SS\Stragglers.h">
      <Filter>Header Files</Filter>
    </ClInclude>
    <ClInclude Include="include\SS\StretchedReality.h">
      <Filter>Header Files</Filter>
    </ClInclude>
    <ClInclude Include="include\SS\TakingtheThunderPass.h">
      <Filter>Header Files</Filter>
    </ClInclude>
    <ClInclude Include="include\SS\TestingtheMeat.h">
      <Filter>Header Files</Filter>
    </ClInclude>
    <ClInclude Include="include\SS\TheAlluThoaMenace.h">
      <Filter>Header Files</Filter>
    </ClInclude>
    <ClInclude Include="include\SS\TheBellTollsFour.h">
      <Filter>Header Files</Filter>
    </ClInclude>
    <ClInclude Include="include\SS\TheFourArmedMan.h">
      <Filter>Header Files</Filter>
    </ClInclude>
    <ClInclude Include="include\SS\ToCastaTrap.h">
      <Filter>Header Files</Filter>
    </ClInclude>
    <ClInclude Include="include\SS\TouchoftheUndead.h">
      <Filter>Header Files</Filter>
    </ClInclude>
    <ClInclude Include="include\SS\UpAgainsttheWall.h">
      <Filter>Header Files</Filter>
    </ClInclude>
    <ClInclude Include="include\SS\ZavetasBladeRunner.h">
      <Filter>Header Files</Filter>
    </ClInclude>
    <ClInclude Include="include\SS\ZavetasTreasureHunt.h">
      <Filter>Header Files</Filter>
    </ClInclude>
    <ClInclude Include="include\RIGroupLogin.h">
      <Filter>Header Files</Filter>
    </ClInclude>
    <ClInclude Include="include\RICharList.h">
      <Filter>Header Files</Filter>
    </ClInclude>
    <ClInclude Include="include\CityofQeynosTimeline\ABaronsLoss.h">
      <Filter>Header Files</Filter>
    </ClInclude>
    <ClInclude Include="include\CityofQeynosTimeline\ABodytoDieFor.h">
      <Filter>Header Files</Filter>
    </ClInclude>
    <ClInclude Include="include\CityofQeynosTimeline\AFatedConfrontation.h">
      <Filter>Header Files</Filter>
    </ClInclude>
    <ClInclude Include="include\CityofQeynosTimeline\ALightofHope.h">
      <Filter>Header Files</Filter>
    </ClInclude>
    <ClInclude Include="include\CityofQeynosTimeline\BestofIntentions.h">
      <Filter>Header Files</Filter>
    </ClInclude>
    <ClInclude Include="include\CityofQeynosTimeline\BloodforBlood.h">
      <Filter>Header Files</Filter>
    </ClInclude>
    <ClInclude Include="include\CityofQeynosTimeline\BloodTies.h">
      <Filter>Header Files</Filter>
    </ClInclude>
    <ClInclude Include="include\CityofQeynosTimeline\ClosingtheBlackMarket.h">
      <Filter>Header Files</Filter>
    </ClInclude>
    <ClInclude Include="include\CityofQeynosTimeline\DireDeliverytoIronforge.h">
      <Filter>Header Files</Filter>
    </ClInclude>
    <ClInclude Include="include\CityofQeynosTimeline\DivineIntervention.h">
      <Filter>Header Files</Filter>
    </ClInclude>
    <ClInclude Include="include\CityofQeynosTimeline\FollowingtheFootsteps.h">
      <Filter>Header Files</Filter>
    </ClInclude>
    <ClInclude Include="include\CityofQeynosTimeline\FreebloodFlu.h">
      <Filter>Header Files</Filter>
    </ClInclude>
    <ClInclude Include="include\CityofQeynosTimeline\FullCircle.h">
      <Filter>Header Files</Filter>
    </ClInclude>
    <ClInclude Include="include\CityofQeynosTimeline\GnollRestfortheWicked.h">
      <Filter>Header Files</Filter>
    </ClInclude>
    <ClInclude Include="include\CityofQeynosTimeline\GnollThreatWithin.h">
      <Filter>Header Files</Filter>
    </ClInclude>
    <ClInclude Include="include\CityofQeynosTimeline\IronforgedRequests.h">
      <Filter>Header Files</Filter>
    </ClInclude>
    <ClInclude Include="include\CityofQeynosTimeline\KaedrinIronforgesTrial.h">
      <Filter>Header Files</Filter>
    </ClInclude>
    <ClInclude Include="include\CityofQeynosTimeline\KaedrinsFate.h">
      <Filter>Header Files</Filter>
    </ClInclude>
    <ClInclude Include="include\CityofQeynosTimeline\KarmaConcordium.h">
      <Filter>Header Files</Filter>
    </ClInclude>
    <ClInclude Include="include\CityofQeynosTimeline\LawoftheLand.h">
      <Filter>Header Files</Filter>
    </ClInclude>
    <ClInclude Include="include\CityofQeynosTimeline\LendingYourSkills.h">
      <Filter>Header Files</Filter>
    </ClInclude>
    <ClInclude Include="include\CityofQeynosTimeline\LongLivetheQueen.h">
      <Filter>Header Files</Filter>
    </ClInclude>
    <ClInclude Include="include\CityofQeynosTimeline\MarrsWorkBeDone.h">
      <Filter>Header Files</Filter>
    </ClInclude>
    <ClInclude Include="include\CityofQeynosTimeline\OfClocksandClankers.h">
      <Filter>Header Files</Filter>
    </ClInclude>
    <ClInclude Include="include\CityofQeynosTimeline\OntheRun.h">
      <Filter>Header Files</Filter>
    </ClInclude>
    <ClInclude Include="include\CityofQeynosTimeline\PaidonDelivery.h">
      <Filter>Header Files</Filter>
    </ClInclude>
    <ClInclude Include="include\CityofQeynosTimeline\PriestCityofQeynosTimeline.h">
      <Filter>Header Files</Filter>
    </ClInclude>
    <ClInclude Include="include\CityofQeynosTimeline\ProofinWriting.h">
      <Filter>Header Files</Filter>
    </ClInclude>
    <ClInclude Include="include\CityofQeynosTimeline\PropagandaPostings.h">
      <Filter>Header Files</Filter>
    </ClInclude>
    <ClInclude Include="include\CityofQeynosTimeline\ProtectionThroughDeception.h">
      <Filter>Header Files</Filter>
    </ClInclude>
    <ClInclude Include="include\CityofQeynosTimeline\RedHanded.h">
      <Filter>Header Files</Filter>
    </ClInclude>
    <ClInclude Include="include\CityofQeynosTimeline\ScoutCityofQeynosTimeline.h">
      <Filter>Header Files</Filter>
    </ClInclude>
    <ClInclude Include="include\CityofQeynosTimeline\SecretsandCeremoniesDownBelow.h">
      <Filter>Header Files</Filter>
    </ClInclude>
    <ClInclude Include="include\CityofQeynosTimeline\SeekingSuperiorSalve.h">
      <Filter>Header Files</Filter>
    </ClInclude>
    <ClInclude Include="include\CityofQeynosTimeline\SinkorSwim.h">
      <Filter>Header Files</Filter>
    </ClInclude>
    <ClInclude Include="include\CityofQeynosTimeline\SpiesinQeynos.h">
      <Filter>Header Files</Filter>
    </ClInclude>
    <ClInclude Include="include\CityofQeynosTimeline\TheCityofQeynosTimeline.h">
      <Filter>Header Files</Filter>
    </ClInclude>
    <ClInclude Include="include\CityofQeynosTimeline\TheEagleandtheHawk.h">
      <Filter>Header Files</Filter>
    </ClInclude>
    <ClInclude Include="include\CityofQeynosTimeline\TheEyesHaveIt.h">
      <Filter>Header Files</Filter>
    </ClInclude>
    <ClInclude Include="include\CityofQeynosTimeline\TheHeartofQeynos.h">
      <Filter>Header Files</Filter>
    </ClInclude>
    <ClInclude Include="include\CityofQeynosTimeline\ThePriceoftheCrown.h">
      <Filter>Header Files</Filter>
    </ClInclude>
    <ClInclude Include="include\CityofQeynosTimeline\TheRightfulHeir.h">
      <Filter>Header Files</Filter>
    </ClInclude>
    <ClInclude Include="include\CityofQeynosTimeline\TheTruthofSpies.h">
      <Filter>Header Files</Filter>
    </ClInclude>
    <ClInclude Include="include\CityofQeynosTimeline\ThyWordMinistration.h">
      <Filter>Header Files</Filter>
    </ClInclude>
    <ClInclude Include="include\CityofQeynosTimeline\TowerDefense.h">
      <Filter>Header Files</Filter>
    </ClInclude>
    <ClInclude Include="include\CityofQeynosTimeline\TrailofSchemesintheCatacombs.h">
      <Filter>Header Files</Filter>
    </ClInclude>
    <ClInclude Include="include\CityofQeynosTimeline\TrialbyFire.h">
      <Filter>Header Files</Filter>
    </ClInclude>
    <ClInclude Include="include\CityofQeynosTimeline\UnexpectedSupport.h">
      <Filter>Header Files</Filter>
    </ClInclude>
    <ClInclude Include="include\CityofQeynosTimeline\UnsafeHarbor.h">
      <Filter>Header Files</Filter>
    </ClInclude>
    <ClInclude Include="include\CityofQeynosTimeline\WatchingOverQeynos.h">
      <Filter>Header Files</Filter>
    </ClInclude>
    <ClInclude Include="include\CityofQeynosTimeline\WhereHelpisNeeded.h">
      <Filter>Header Files</Filter>
    </ClInclude>
    <ClInclude Include="include\CityofQeynosTimeline\WithinOurReach.h">
      <Filter>Header Files</Filter>
    </ClInclude>
    <ClInclude Include="include\HeritageQuests\ASourceofMalediction.h">
      <Filter>Header Files</Filter>
    </ClInclude>
    <ClInclude Include="include\HeritageQuests\TheWhiteDragonscaleCloak.h">
      <Filter>Header Files</Filter>
    </ClInclude>
    <ClInclude Include="include\JarsathWastesTimeline\101ThingstoDoWithaDeadGrindhoof.h">
      <Filter>Header Files</Filter>
    </ClInclude>
    <ClInclude Include="include\JarsathWastesTimeline\AGameofGrabSap.h">
      <Filter>Header Files</Filter>
    </ClInclude>
    <ClInclude Include="include\JarsathWastesTimeline\AggressivePinCushions.h">
      <Filter>Header Files</Filter>
    </ClInclude>
    <ClInclude Include="include\JarsathWastesTimeline\AgonizedSpiritShards.h">
      <Filter>Header Files</Filter>
    </ClInclude>
    <ClInclude Include="include\JarsathWastesTimeline\AGraveJob.h">
      <Filter>Header Files</Filter>
    </ClInclude>
    <ClInclude Include="include\JarsathWastesTimeline\AlongCameaDrachnid.h">
      <Filter>Header Files</Filter>
    </ClInclude>
    <ClInclude Include="include\JarsathWastesTimeline\AnotherShellGame.h">
      <Filter>Header Files</Filter>
    </ClInclude>
    <ClInclude Include="include\JarsathWastesTimeline\APathforMedicus.h">
      <Filter>Header Files</Filter>
    </ClInclude>
    <ClInclude Include="include\JarsathWastesTimeline\ARecipeforNecromancerStew.h">
      <Filter>Header Files</Filter>
    </ClInclude>
    <ClInclude Include="include\JarsathWastesTimeline\BadtotheBones.h">
      <Filter>Header Files</Filter>
    </ClInclude>
    <ClInclude Include="include\JarsathWastesTimeline\BitoffMore.h">
      <Filter>Header Files</Filter>
    </ClInclude>
    <ClInclude Include="include\JarsathWastesTimeline\CommandingAttention.h">
      <Filter>Header Files</Filter>
    </ClInclude>
    <ClInclude Include="include\JarsathWastesTimeline\DeadFishBlueFish.h">
      <Filter>Header Files</Filter>
    </ClInclude>
    <ClInclude Include="include\JarsathWastesTimeline\DecapitatorExterminator.h">
      <Filter>Header Files</Filter>
    </ClInclude>
    <ClInclude Include="include\JarsathWastesTimeline\DesertSurvivalTacticNumberEight.h">
      <Filter>Header Files</Filter>
    </ClInclude>
    <ClInclude Include="include\JarsathWastesTimeline\DracurionDonationsfortheDanakLegion.h">
      <Filter>Header Files</Filter>
    </ClInclude>
    <ClInclude Include="include\JarsathWastesTimeline\EmissarysCourier.h">
      <Filter>Header Files</Filter>
    </ClInclude>
    <ClInclude Include="include\JarsathWastesTimeline\EscapeFromtheHouseofDroag.h">
      <Filter>Header Files</Filter>
    </ClInclude>
    <ClInclude Include="include\JarsathWastesTimeline\HeadsOfftotheSergeant.h">
      <Filter>Header Files</Filter>
    </ClInclude>
    <ClInclude Include="include\JarsathWastesTimeline\HeadsorTales.h">
      <Filter>Header Files</Filter>
    </ClInclude>
    <ClInclude Include="include\JarsathWastesTimeline\IdHammerintheMorning.h">
      <Filter>Header Files</Filter>
    </ClInclude>
    <ClInclude Include="include\JarsathWastesTimeline\InformationHighway.h">
      <Filter>Header Files</Filter>
    </ClInclude>
    <ClInclude Include="include\JarsathWastesTimeline\IsThereaShamanintheHouse.h">
      <Filter>Header Files</Filter>
    </ClInclude>
    <ClInclude Include="include\JarsathWastesTimeline\JarsathWastesTimeline.h">
      <Filter>Header Files</Filter>
    </ClInclude>
    <ClInclude Include="include\JarsathWastesTimeline\KeepYourNosetotheGrindhoof.h">
      <Filter>Header Files</Filter>
    </ClInclude>
    <ClInclude Include="include\JarsathWastesTimeline\LieutenantDansissGetsNewLegsMe.h">
      <Filter>Header Files</Filter>
    </ClInclude>
    <ClInclude Include="include\JarsathWastesTimeline\LuclinOreDeath.h">
      <Filter>Header Files</Filter>
    </ClInclude>
    <ClInclude Include="include\JarsathWastesTimeline\MysteryattheBattlement.h">
      <Filter>Header Files</Filter>
    </ClInclude>
    <ClInclude Include="include\JarsathWastesTimeline\NothingontheMind.h">
      <Filter>Header Files</Filter>
    </ClInclude>
    <ClInclude Include="include\JarsathWastesTimeline\OfftoSeetheWarlord.h">
      <Filter>Header Files</Filter>
    </ClInclude>
    <ClInclude Include="include\JarsathWastesTimeline\OnceaMarineAlwaysaMarine.h">
      <Filter>Header Files</Filter>
    </ClInclude>
    <ClInclude Include="include\JarsathWastesTimeline\OneFishTwoFish.h">
      <Filter>Header Files</Filter>
    </ClInclude>
    <ClInclude Include="include\JarsathWastesTimeline\OverthereandBackAgain.h">
      <Filter>Header Files</Filter>
    </ClInclude>
    <ClInclude Include="include\JarsathWastesTimeline\PlantingtheEvidence.h">
      <Filter>Header Files</Filter>
    </ClInclude>
    <ClInclude Include="include\JarsathWastesTimeline\PlushyHidestoSeek.h">
      <Filter>Header Files</Filter>
    </ClInclude>
    <ClInclude Include="include\JarsathWastesTimeline\PropagandaProliferation.h">
      <Filter>Header Files</Filter>
    </ClInclude>
    <ClInclude Include="include\JarsathWastesTimeline\RedWhiteandDead.h">
      <Filter>Header Files</Filter>
    </ClInclude>
    <ClInclude Include="include\JarsathWastesTimeline\RingAroundtheScholar.h">
      <Filter>Header Files</Filter>
    </ClInclude>
    <ClInclude Include="include\JarsathWastesTimeline\ScorpikisYourTailGoodbye.h">
      <Filter>Header Files</Filter>
    </ClInclude>
    <ClInclude Include="include\JarsathWastesTimeline\ScoutJamboree.h">
      <Filter>Header Files</Filter>
    </ClInclude>
    <ClInclude Include="include\JarsathWastesTimeline\SealedWithaScorpikis.h">
      <Filter>Header Files</Filter>
    </ClInclude>
    <ClInclude Include="include\JarsathWastesTimeline\SeekingSergeantSlithess.h">
      <Filter>Header Files</Filter>
    </ClInclude>
    <ClInclude Include="include\JarsathWastesTimeline\SkyfireExterminator.h">
      <Filter>Header Files</Filter>
    </ClInclude>
    <ClInclude Include="include\JarsathWastesTimeline\SomethingFishyisGoingOn.h">
      <Filter>Header Files</Filter>
    </ClInclude>
    <ClInclude Include="include\JarsathWastesTimeline\StoneglintKnuckleCrackers.h">
      <Filter>Header Files</Filter>
    </ClInclude>
    <ClInclude Include="include\JarsathWastesTimeline\SuperScroll.h">
      <Filter>Header Files</Filter>
    </ClInclude>
    <ClInclude Include="include\JarsathWastesTimeline\TakingtheSurgefromInsurgents.h">
      <Filter>Header Files</Filter>
    </ClInclude>
    <ClInclude Include="include\JarsathWastesTimeline\TheDivinerWillSeeYouNow.h">
      <Filter>Header Files</Filter>
    </ClInclude>
    <ClInclude Include="include\JarsathWastesTimeline\ThreeperFoot.h">
      <Filter>Header Files</Filter>
    </ClInclude>
    <ClInclude Include="include\JarsathWastesTimeline\TomeSweetTome.h">
      <Filter>Header Files</Filter>
    </ClInclude>
    <ClInclude Include="include\JarsathWastesTimeline\TotheNextMaster.h">
      <Filter>Header Files</Filter>
    </ClInclude>
    <ClInclude Include="include\JarsathWastesTimeline\TotheWarlord.h">
      <Filter>Header Files</Filter>
    </ClInclude>
    <ClInclude Include="include\JarsathWastesTimeline\UtterlyVial.h">
      <Filter>Header Files</Filter>
    </ClInclude>
    <ClInclude Include="include\JarsathWastesTimeline\WhatWasLost.h">
      <Filter>Header Files</Filter>
    </ClInclude>
    <ClInclude Include="include\JarsathWastesTimeline\WhenYouMessWiththeRhino.h">
      <Filter>Header Files</Filter>
    </ClInclude>
    <ClInclude Include="include\JarsathWastesTimeline\WorkintheDocks.h">
      <Filter>Header Files</Filter>
    </ClInclude>
    <ClInclude Include="include\JarsathWastesTimeline\WurmsandDevourersandDrakesOhMy.h">
      <Filter>Header Files</Filter>
    </ClInclude>
    <ClInclude Include="include\JarsathWastesTimeline\YourGlishisMyCommand(er).h">
      <Filter>Header Files</Filter>
    </ClInclude>
    <ClInclude Include="include\NingYungRetreatTimeline\AdditionalTeachings.h">
      <Filter>Header Files</Filter>
    </ClInclude>
    <ClInclude Include="include\NingYungRetreatTimeline\AFastFinishingFish.h">
      <Filter>Header Files</Filter>
    </ClInclude>
    <ClInclude Include="include\NingYungRetreatTimeline\CallOfftheHunt.h">
      <Filter>Header Files</Filter>
    </ClInclude>
    <ClInclude Include="include\NingYungRetreatTimeline\DarkCravings.h">
      <Filter>Header Files</Filter>
    </ClInclude>
    <ClInclude Include="include\NingYungRetreatTimeline\DefendingNingYunRetreat.h">
      <Filter>Header Files</Filter>
    </ClInclude>
    <ClInclude Include="include\NingYungRetreatTimeline\EasetheSufferingMinds.h">
      <Filter>Header Files</Filter>
    </ClInclude>
    <ClInclude Include="include\NingYungRetreatTimeline\RepellingtheGruengach.h">
      <Filter>Header Files</Filter>
    </ClInclude>
    <ClInclude Include="include\NingYungRetreatTimeline\ShapingaClearerMind.h">
      <Filter>Header Files</Filter>
    </ClInclude>
    <ClInclude Include="include\NingYungRetreatTimeline\SmokeGetsinYourEyes.h">
      <Filter>Header Files</Filter>
    </ClInclude>
    <ClInclude Include="include\NingYungRetreatTimeline\StalkingtheStalkers.h">
      <Filter>Header Files</Filter>
    </ClInclude>
    <ClInclude Include="include\NingYungRetreatTimeline\TheNonHarmfulWay.h">
      <Filter>Header Files</Filter>
    </ClInclude>
    <ClInclude Include="include\NingYungRetreatTimeline\TheThreeTidings.h">
      <Filter>Header Files</Filter>
    </ClInclude>
    <ClInclude Include="include\NingYungRetreatTimeline\WalkingtheCentralPathPartOne.h">
      <Filter>Header Files</Filter>
    </ClInclude>
    <ClInclude Include="include\NingYungRetreatTimeline\WalkingtheCentralPathPartTwo.h">
      <Filter>Header Files</Filter>
    </ClInclude>
    <ClInclude Include="include\OthmirCobaltScarTimeline\APoisonMostPrecious.h">
      <Filter>Header Files</Filter>
    </ClInclude>
    <ClInclude Include="include\OthmirCobaltScarTimeline\APotentPotable.h">
      <Filter>Header Files</Filter>
    </ClInclude>
    <ClInclude Include="include\OthmirCobaltScarTimeline\ASaltyBreeze.h">
      <Filter>Header Files</Filter>
    </ClInclude>
    <ClInclude Include="include\OthmirCobaltScarTimeline\ASaltyFarewell.h">
      <Filter>Header Files</Filter>
    </ClInclude>
    <ClInclude Include="include\OthmirCobaltScarTimeline\ASolemnRequest.h">
      <Filter>Header Files</Filter>
    </ClInclude>
    <ClInclude Include="include\OthmirCobaltScarTimeline\BoningUpontheSituation.h">
      <Filter>Header Files</Filter>
    </ClInclude>
    <ClInclude Include="include\OthmirCobaltScarTimeline\BreakingBones.h">
      <Filter>Header Files</Filter>
    </ClInclude>
    <ClInclude Include="include\OthmirCobaltScarTimeline\CampDefense.h">
      <Filter>Header Files</Filter>
    </ClInclude>
    <ClInclude Include="include\OthmirCobaltScarTimeline\GiftsFromPrexus.h">
      <Filter>Header Files</Filter>
    </ClInclude>
    <ClInclude Include="include\OthmirCobaltScarTimeline\GoingHome.h">
      <Filter>Header Files</Filter>
    </ClInclude>
    <ClInclude Include="include\OthmirCobaltScarTimeline\HighTide.h">
      <Filter>Header Files</Filter>
    </ClInclude>
    <ClInclude Include="include\OthmirCobaltScarTimeline\ManoWar.h">
      <Filter>Header Files</Filter>
    </ClInclude>
    <ClInclude Include="include\OthmirCobaltScarTimeline\MerriksMission.h">
      <Filter>Header Files</Filter>
    </ClInclude>
    <ClInclude Include="include\OthmirCobaltScarTimeline\OnEdge.h">
      <Filter>Header Files</Filter>
    </ClInclude>
    <ClInclude Include="include\OthmirCobaltScarTimeline\OthmirCobaltScarTimeline.h">
      <Filter>Header Files</Filter>
    </ClInclude>
    <ClInclude Include="include\OthmirCobaltScarTimeline\RitualofBone.h">
      <Filter>Header Files</Filter>
    </ClInclude>
    <ClInclude Include="include\OthmirCobaltScarTimeline\ShellfishAmbassador.h">
      <Filter>Header Files</Filter>
    </ClInclude>
    <ClInclude Include="include\OthmirCobaltScarTimeline\TheGutsoftheMatter.h">
      <Filter>Header Files</Filter>
    </ClInclude>
    <ClInclude Include="include\OthmirCobaltScarTimeline\TheLostOthmir.h">
      <Filter>Header Files</Filter>
    </ClInclude>
    <ClInclude Include="include\OthmirCobaltScarTimeline\TheRock.h">
      <Filter>Header Files</Filter>
    </ClInclude>
    <ClInclude Include="include\OthmirCobaltScarTimeline\TheScar.h">
      <Filter>Header Files</Filter>
    </ClInclude>
    <ClInclude Include="include\OthmirCobaltScarTimeline\VillageoftheDead.h">
      <Filter>Header Files</Filter>
    </ClInclude>
    <ClInclude Include="include\TearsofVeeshanTimeline\AgentofGrowth.h">
      <Filter>Header Files</Filter>
    </ClInclude>
    <ClInclude Include="include\TearsofVeeshanTimeline\AltarRestoration.h">
      <Filter>Header Files</Filter>
    </ClInclude>
    <ClInclude Include="include\TearsofVeeshanTimeline\DeceiversFate.h">
      <Filter>Header Files</Filter>
    </ClInclude>
    <ClInclude Include="include\TearsofVeeshanTimeline\DroumlundIntruders.h">
      <Filter>Header Files</Filter>
    </ClInclude>
    <ClInclude Include="include\TearsofVeeshanTimeline\FamilyTies.h">
      <Filter>Header Files</Filter>
    </ClInclude>
    <ClInclude Include="include\TearsofVeeshanTimeline\GuardianoftheGrowth.h">
      <Filter>Header Files</Filter>
    </ClInclude>
    <ClInclude Include="include\TearsofVeeshanTimeline\HarrowingAttack.h">
      <Filter>Header Files</Filter>
    </ClInclude>
    <ClInclude Include="include\TearsofVeeshanTimeline\MeditationandAnnihilation.h">
      <Filter>Header Files</Filter>
    </ClInclude>
    <ClInclude Include="include\TearsofVeeshanTimeline\MothersBlessing.h">
      <Filter>Header Files</Filter>
    </ClInclude>
    <ClInclude Include="include\TearsofVeeshanTimeline\ParalyticPursuit.h">
      <Filter>Header Files</Filter>
    </ClInclude>
    <ClInclude Include="include\TearsofVeeshanTimeline\QuenchingtheParched.h">
      <Filter>Header Files</Filter>
    </ClInclude>
    <ClInclude Include="include\TearsofVeeshanTimeline\RageinKarakPeak.h">
      <Filter>Header Files</Filter>
    </ClInclude>
    <ClInclude Include="include\TearsofVeeshanTimeline\ReachingFraka.h">
      <Filter>Header Files</Filter>
    </ClInclude>
    <ClInclude Include="include\TearsofVeeshanTimeline\SeedingSerenity.h">
      <Filter>Header Files</Filter>
    </ClInclude>
    <ClInclude Include="include\TearsofVeeshanTimeline\SeizeontheBreeze.h">
      <Filter>Header Files</Filter>
    </ClInclude>
    <ClInclude Include="include\TearsofVeeshanTimeline\SentforSavtek.h">
      <Filter>Header Files</Filter>
    </ClInclude>
    <ClInclude Include="include\TearsofVeeshanTimeline\ShadowHunter.h">
      <Filter>Header Files</Filter>
    </ClInclude>
    <ClInclude Include="include\TearsofVeeshanTimeline\TearsofVeeshanTheEternalBroodlands.h">
      <Filter>Header Files</Filter>
    </ClInclude>
    <ClInclude Include="include\TearsofVeeshanTimeline\ThePurityofGrowth.h">
      <Filter>Header Files</Filter>
    </ClInclude>
    <ClInclude Include="include\TearsofVeeshanTimeline\TheSoulblighted.h">
      <Filter>Header Files</Filter>
    </ClInclude>
    <ClInclude Include="include\TearsofVeeshanTimeline\TotheBrim.h">
      <Filter>Header Files</Filter>
    </ClInclude>
    <ClInclude Include="include\TearsofVeeshanTimeline\UndertheVeil.h">
      <Filter>Header Files</Filter>
    </ClInclude>
    <ClInclude Include="include\TearsofVeeshanTimeline\VeiledThreat.h">
      <Filter>Header Files</Filter>
    </ClInclude>
    <ClInclude Include="include\TearsofVeeshanTimeline\VisionofScale.h">
      <Filter>Header Files</Filter>
    </ClInclude>
    <ClInclude Include="include\TearsofVeeshanTimeline\VyemmsVengeance.h">
      <Filter>Header Files</Filter>
    </ClInclude>
    <ClInclude Include="include\TearsofVeeshanTimeline\WatersofStrife.h">
      <Filter>Header Files</Filter>
    </ClInclude>
    <ClInclude Include="include\TearsofVeeshanTimeline\WeedingtheGarden.h">
      <Filter>Header Files</Filter>
    </ClInclude>
    <ClInclude Include="include\ToweroftheFourWindsTimeline\AccesstoToweroftheFourWinds.h">
      <Filter>Header Files</Filter>
    </ClInclude>
    <ClInclude Include="include\ToweroftheFourWindsTimeline\BrotherLycabesTrialKnowledgeofaLostCity.h">
      <Filter>Header Files</Filter>
    </ClInclude>
    <ClInclude Include="include\ToweroftheFourWindsTimeline\BrotherPangsTrialCombatingCorruption.h">
      <Filter>Header Files</Filter>
    </ClInclude>
    <ClInclude Include="include\ToweroftheFourWindsTimeline\ImprovingRelationswiththeLocals.h">
      <Filter>Header Files</Filter>
    </ClInclude>
    <ClInclude Include="include\ToweroftheFourWindsTimeline\MediatetheMasters.h">
      <Filter>Header Files</Filter>
    </ClInclude>
    <ClInclude Include="include\ToweroftheFourWindsTimeline\TheBalanceofNature.h">
      <Filter>Header Files</Filter>
    </ClInclude>
    <ClInclude Include="include\ToweroftheFourWindsTimeline\TheRift.h">
      <Filter>Header Files</Filter>
    </ClInclude>
    <ClInclude Include="include\ToweroftheFourWindsTimeline\TheStolenTome.h">
      <Filter>Header Files</Filter>
    </ClInclude>
    <ClInclude Include="include\ToweroftheFourWindsTimeline\ToweroftheFourWindsTimeline.h">
      <Filter>Header Files</Filter>
    </ClInclude>
    <ClInclude Include="include\JarsathWastesTimeline\YourGlishisMyCommander.h">
      <Filter>Header Files</Filter>
    </ClInclude>
    <ClInclude Include="include\CityofQeynosTimeline\InTooDeep.h">
      <Filter>Header Files</Filter>
    </ClInclude>
    <ClInclude Include="include\CityofQeynosTimeline\MageCityofQeynosTimeline.h">
      <Filter>Header Files</Filter>
    </ClInclude>
    <ClInclude Include="include\CityofQeynosTimeline\NoTimeforNecromancers.h">
      <Filter>Header Files</Filter>
    </ClInclude>
    <ClInclude Include="include\CityofQeynosTimeline\SavingtheShire.h">
      <Filter>Header Files</Filter>
    </ClInclude>
    <ClInclude Include="include\CityofQeynosTimeline\SoIHeardYouLikePortals.h">
      <Filter>Header Files</Filter>
    </ClInclude>
    <ClInclude Include="include\CityofQeynosTimeline\ThatWhichisOurs.h">
      <Filter>Header Files</Filter>
    </ClInclude>
    <ClInclude Include="include\CityofQeynosTimeline\UndeadUprising.h">
      <Filter>Header Files</Filter>
    </ClInclude>
    <ClInclude Include="include\Overseer.h">
      <Filter>Header Files</Filter>
    </ClInclude>
  </ItemGroup>
  <ItemGroup>
    <None Include="include\OrderofRimeFactionTimeline\FishingforFaction.dat">
      <Filter>Header Files</Filter>
    </None>
    <None Include="include\OrderofRimeFactionTimeline\MoreFishfortheStew.dat">
      <Filter>Header Files</Filter>
    </None>
    <None Include="include\OrderofRimeFactionTimeline\SetofBonePlates.dat">
      <Filter>Header Files</Filter>
    </None>
    <None Include="include\OrderofRimeFactionTimeline\TheOrderofRimeTimelineRepeatables.dat">
      <Filter>Header Files</Filter>
    </None>
    <None Include="include\OthmirEWFactionTimeline\AnimalMagnetism.dat">
      <Filter>Header Files</Filter>
    </None>
    <None Include="include\OthmirEWFactionTimeline\AxingtheGiantsPlans.dat">
      <Filter>Header Files</Filter>
    </None>
    <None Include="include\OthmirEWFactionTimeline\OthmirEWFactionTimeline.dat">
      <Filter>Header Files</Filter>
    </None>
    <None Include="include\OthmirEWFactionTimeline\PrecariouslyPlacedPackage.dat">
      <Filter>Header Files</Filter>
    </None>
    <None Include="include\OthmirEWFactionTimeline\PupDefender.dat">
      <Filter>Header Files</Filter>
    </None>
    <None Include="include\OthmirEWFactionTimeline\TwoHeadedTrouble.dat">
      <Filter>Header Files</Filter>
    </None>
  </ItemGroup>
</Project>