<?xml version="1.0" encoding="utf-8"?>
<Project ToolsVersion="4.0" xmlns="http://schemas.microsoft.com/developer/msbuild/2003">
  <ItemGroup>
    <Filter Include="Source Files">
      <UniqueIdentifier>{dbc92636-0fdf-444c-bc2b-f6eec7eb959f}</UniqueIdentifier>
      <Extensions>cpp;c;cxx;def;odl;idl;hpj;bat;asm</Extensions>
    </Filter>
    <Filter Include="Source Files\LavishScript Extensions">
      <UniqueIdentifier>{f6f04aab-a8b2-4583-8c1b-4304e889443d}</UniqueIdentifier>
    </Filter>
    <Filter Include="Source Files\LavishGUI Elements">
      <UniqueIdentifier>{af32efee-6882-47e6-8115-4819a3044af9}</UniqueIdentifier>
    </Filter>
    <Filter Include="Source Files\Services">
      <UniqueIdentifier>{3563d75f-5fa7-4615-9690-51d7ea0e3031}</UniqueIdentifier>
    </Filter>
    <Filter Include="Header Files">
      <UniqueIdentifier>{2479d6f0-3ba1-4e15-bfc2-1966d27f3940}</UniqueIdentifier>
      <Extensions>h;hpp;hxx;hm;inl;inc</Extensions>
    </Filter>
    <Filter Include="Header Files\LavishScript Extensions">
      <UniqueIdentifier>{626dffad-eadd-440c-88b8-fa5799e8989a}</UniqueIdentifier>
    </Filter>
    <Filter Include="Header Files\LavishScript Extensions\Lists">
      <UniqueIdentifier>{26496caa-8d22-4bcf-a558-fe668d120e35}</UniqueIdentifier>
    </Filter>
    <Filter Include="Header Files\LavishGUI Elements">
      <UniqueIdentifier>{00d67a49-1a38-48c4-a4e8-b74587e61d62}</UniqueIdentifier>
    </Filter>
    <Filter Include="Header Files\Services">
      <UniqueIdentifier>{d2e73092-7cdb-4310-82e7-e1be27aee29d}</UniqueIdentifier>
    </Filter>
    <Filter Include="Header Files\Services\List">
      <UniqueIdentifier>{0e2e9287-7475-47e3-ba73-ead2846fb832}</UniqueIdentifier>
    </Filter>
    <Filter Include=".github">
      <UniqueIdentifier>{895a8ee7-ae11-45b6-91c0-e39ce73f75d6}</UniqueIdentifier>
    </Filter>
  </ItemGroup>
  <ItemGroup>
    <ClCompile Include="ISXRI.cpp">
      <Filter>Source Files</Filter>
    </ClCompile>
    <ClCompile Include="Commands.cpp">
      <Filter>Source Files\LavishScript Extensions</Filter>
    </ClCompile>
    <ClCompile Include="DataTypes.cpp">
      <Filter>Source Files\LavishScript Extensions</Filter>
    </ClCompile>
    <ClCompile Include="TopLevelObjects.cpp">
      <Filter>Source Files\LavishScript Extensions</Filter>
    </ClCompile>
    <ClCompile Include="LGUIRIFrame.cpp">
      <Filter>Source Files\LavishGUI Elements</Filter>
    </ClCompile>
    <ClCompile Include="Services.cpp">
      <Filter>Source Files\Services</Filter>
    </ClCompile>
  </ItemGroup>
  <ItemGroup>
    <ClInclude Include="ISXRI.h">
      <Filter>Header Files</Filter>
    </ClInclude>
    <ClInclude Include="DataTypes.h">
      <Filter>Header Files\LavishScript Extensions</Filter>
    </ClInclude>
    <ClInclude Include="Commands.h">
      <Filter>Header Files\LavishScript Extensions\Lists</Filter>
    </ClInclude>
    <ClInclude Include="DataTypeList.h">
      <Filter>Header Files\LavishScript Extensions\Lists</Filter>
    </ClInclude>
    <ClInclude Include="TopLevelObjects.h">
      <Filter>Header Files\LavishScript Extensions\Lists</Filter>
    </ClInclude>
    <ClInclude Include="LGUIRIFrame.h">
      <Filter>Header Files\LavishGUI Elements</Filter>
    </ClInclude>
    <ClInclude Include="ISXRIServices.h">
      <Filter>Header Files\Services</Filter>
    </ClInclude>
    <ClInclude Include="Services.h">
      <Filter>Header Files\Services\List</Filter>
    </ClInclude>
    <ClInclude Include="include\RIMovement.h">
      <Filter>Header Files</Filter>
    </ClInclude>
    <ClInclude Include="include\RunInstances.h">
      <Filter>Header Files</Filter>
    </ClInclude>
    <ClInclude Include="include\CloseRI.h">
      <Filter>Header Files</Filter>
    </ClInclude>
    <ClInclude Include="include\RILooter.h">
      <Filter>Header Files</Filter>
    </ClInclude>
    <ClInclude Include="include\RelayGroup.h">
      <Filter>Header Files</Filter>
    </ClInclude>
    <ClInclude Include="include\Detarget.h">
      <Filter>Header Files</Filter>
    </ClInclude>
    <ClInclude Include="include\OgrePlayNice.h">
      <Filter>Header Files</Filter>
    </ClInclude>
    <ClInclude Include="include\RI.h">
      <Filter>Header Files</Filter>
    </ClInclude>
    <ClInclude Include="include\CloseISXRI.h">
      <Filter>Header Files</Filter>
    </ClInclude>
    <ClInclude Include="include\CoT.h">
      <Filter>Header Files</Filter>
    </ClInclude>
    <ClInclude Include="include\TestString.h">
      <Filter>Header Files</Filter>
    </ClInclude>
    <ClInclude Include="include\Depot.h">
      <Filter>Header Files</Filter>
    </ClInclude>
    <ClInclude Include="include\RZ.h">
      <Filter>Header Files</Filter>
    </ClInclude>
    <ClInclude Include="include\AntiAFK.h">
      <Filter>Header Files</Filter>
    </ClInclude>
    <ClInclude Include="include\Updater.h">
      <Filter>Header Files</Filter>
    </ClInclude>
    <ClInclude Include="include\Auth.h">
      <Filter>Header Files</Filter>
    </ClInclude>
    <ClInclude Include="include\CloseISXOgre.h">
      <Filter>Header Files</Filter>
    </ClInclude>
    <ClInclude Include="include\Evac.h">
      <Filter>Header Files</Filter>
    </ClInclude>
    <ClInclude Include="include\RIMovementUI.h">
      <Filter>Header Files</Filter>
    </ClInclude>
    <ClInclude Include="include\ParamTest.h">
      <Filter>Header Files</Filter>
    </ClInclude>
    <ClInclude Include="include\AutoDeity.h">
      <Filter>Header Files</Filter>
    </ClInclude>
    <ClInclude Include="include\WriteLocs.h">
      <Filter>Header Files</Filter>
    </ClInclude>
    <ClInclude Include="include\CombatBot.h">
      <Filter>Header Files</Filter>
    </ClInclude>
    <ClInclude Include="include\Harvest.h">
      <Filter>Header Files</Filter>
    </ClInclude>
    <ClInclude Include="include\DeleteMissions.h">
      <Filter>Header Files</Filter>
    </ClInclude>
    <ClInclude Include="include\ShareMissions.h">
      <Filter>Header Files</Filter>
    </ClInclude>
    <ClInclude Include="include\Balance.h">
      <Filter>Header Files</Filter>
    </ClInclude>
    <ClInclude Include="include\Agnostics.h">
      <Filter>Header Files</Filter>
    </ClInclude>
    <ClInclude Include="include\GetCharms.h">
      <Filter>Header Files</Filter>
    </ClInclude>
    <ClInclude Include="include\GetItems.h">
      <Filter>Header Files</Filter>
    </ClInclude>
    <ClInclude Include="include\HideEffects.h">
      <Filter>Header Files</Filter>
    </ClInclude>
    <ClInclude Include="include\Salvage.h">
      <Filter>Header Files</Filter>
    </ClInclude>
    <ClInclude Include="include\Transmute.h">
      <Filter>Header Files</Filter>
    </ClInclude>
    <ClInclude Include="include\Collection.h">
      <Filter>Header Files</Filter>
    </ClInclude>
    <ClInclude Include="include\AbilityCheck.h">
      <Filter>Header Files</Filter>
    </ClInclude>
    <ClInclude Include="include\AutoTarget.h">
      <Filter>Header Files</Filter>
    </ClInclude>
    <ClInclude Include="include\BalanceProtector.h">
      <Filter>Header Files</Filter>
    </ClInclude>
    <ClInclude Include="include\CloseAndReloadISXRI.h">
      <Filter>Header Files</Filter>
    </ClInclude>
    <ClInclude Include="include\ColumnRenderer.h">
      <Filter>Header Files</Filter>
    </ClInclude>
    <ClInclude Include="include\FileList.h">
      <Filter>Header Files</Filter>
    </ClInclude>
    <ClInclude Include="include\Flag.h">
      <Filter>Header Files</Filter>
    </ClInclude>
    <ClInclude Include="include\Index.h">
      <Filter>Header Files</Filter>
    </ClInclude>
    <ClInclude Include="include\ISInterface.h">
      <Filter>Header Files</Filter>
    </ClInclude>
    <ClInclude Include="include\ISXDK.h">
      <Filter>Header Files</Filter>
    </ClInclude>
    <ClInclude Include="include\ISXInterface.h">
      <Filter>Header Files</Filter>
    </ClInclude>
    <ClInclude Include="include\ISXRIUpdate.h">
      <Filter>Header Files</Filter>
    </ClInclude>
    <ClInclude Include="include\PoisonReplenish.h">
      <Filter>Header Files</Filter>
    </ClInclude>
    <ClInclude Include="include\PotionReplenish.h">
      <Filter>Header Files</Filter>
    </ClInclude>
    <ClInclude Include="include\Queue.h">
      <Filter>Header Files</Filter>
    </ClInclude>
    <ClInclude Include="include\RA.h">
      <Filter>Header Files</Filter>
    </ClInclude>
    <ClInclude Include="include\RaidRelayGroup.h">
      <Filter>Header Files</Filter>
    </ClInclude>
    <ClInclude Include="include\Repair.h">
      <Filter>Header Files</Filter>
    </ClInclude>
    <ClInclude Include="include\Replenish.h">
      <Filter>Header Files</Filter>
    </ClInclude>
    <ClInclude Include="include\RILogin.h">
      <Filter>Header Files</Filter>
    </ClInclude>
    <ClInclude Include="include\RIMobHud.h">
      <Filter>Header Files</Filter>
    </ClInclude>
    <ClInclude Include="include\Services.h">
      <Filter>Header Files</Filter>
    </ClInclude>
    <ClInclude Include="include\TakeFlag.h">
      <Filter>Header Files</Filter>
    </ClInclude>
    <ClInclude Include="include\Threading.h">
      <Filter>Header Files</Filter>
    </ClInclude>
    <ClInclude Include="include\utf8string.h">
      <Filter>Header Files</Filter>
    </ClInclude>
    <ClInclude Include="include\WinThreading.h">
      <Filter>Header Files</Filter>
    </ClInclude>
    <ClInclude Include="include\ZoneReset.h">
      <Filter>Header Files</Filter>
    </ClInclude>
    <ClInclude Include="include\Ascension.h">
      <Filter>Header Files</Filter>
    </ClInclude>
    <ClInclude Include="include\RPG.h">
      <Filter>Header Files</Filter>
    </ClInclude>
    <ClInclude Include="include\RIGroupLogin.h">
      <Filter>Header Files</Filter>
    </ClInclude>
    <ClInclude Include="include\RICharList.h">
      <Filter>Header Files</Filter>
    </ClInclude>
    <ClInclude Include="include\Overseer.h">
      <Filter>Header Files</Filter>
    </ClInclude>
  </ItemGroup>
</Project>